
Microsoft Visual Studio Solution File, Format Version 12.00
# Visual Studio 15
VisualStudioVersion = 15.0.26124.0
MinimumVisualStudioVersion = 15.0.26124.0
Project("{FAE04EC0-301F-11D3-BF4B-00C04F79EFBC}") = "EnsemblFS", "EnsemblFS\EnsemblFS.csproj", "{C6F2E48B-38A6-464D-A376-22EBAD39C409}"
EndProject
Project("{FAE04EC0-301F-11D3-BF4B-00C04F79EFBC}") = "EnsemblFS.Tests", "EnsemblFS.Tests\EnsemblFS.Tests.csproj", "{2752500A-0CA0-4C4A-959E-6F745B8EF612}"
EndProject
Global
	GlobalSection(SolutionConfigurationPlatforms) = preSolution
		Debug|Any CPU = Debug|Any CPU
		Debug|x64 = Debug|x64
		Debug|x86 = Debug|x86
		Release|Any CPU = Release|Any CPU
		Release|x64 = Release|x64
		Release|x86 = Release|x86
	EndGlobalSection
	GlobalSection(SolutionProperties) = preSolution
		HideSolutionNode = FALSE
	EndGlobalSection
	GlobalSection(ProjectConfigurationPlatforms) = postSolution
		{C6F2E48B-38A6-464D-A376-22EBAD39C409}.Debug|Any CPU.ActiveCfg = Debug|Any CPU
		{C6F2E48B-38A6-464D-A376-22EBAD39C409}.Debug|Any CPU.Build.0 = Debug|Any CPU
		{C6F2E48B-38A6-464D-A376-22EBAD39C409}.Debug|x64.ActiveCfg = Debug|Any CPU
		{C6F2E48B-38A6-464D-A376-22EBAD39C409}.Debug|x64.Build.0 = Debug|Any CPU
		{C6F2E48B-38A6-464D-A376-22EBAD39C409}.Debug|x86.ActiveCfg = Debug|Any CPU
		{C6F2E48B-38A6-464D-A376-22EBAD39C409}.Debug|x86.Build.0 = Debug|Any CPU
		{C6F2E48B-38A6-464D-A376-22EBAD39C409}.Release|Any CPU.ActiveCfg = Release|Any CPU
		{C6F2E48B-38A6-464D-A376-22EBAD39C409}.Release|Any CPU.Build.0 = Release|Any CPU
		{C6F2E48B-38A6-464D-A376-22EBAD39C409}.Release|x64.ActiveCfg = Release|Any CPU
		{C6F2E48B-38A6-464D-A376-22EBAD39C409}.Release|x64.Build.0 = Release|Any CPU
		{C6F2E48B-38A6-464D-A376-22EBAD39C409}.Release|x86.ActiveCfg = Release|Any CPU
		{C6F2E48B-38A6-464D-A376-22EBAD39C409}.Release|x86.Build.0 = Release|Any CPU
		{2752500A-0CA0-4C4A-959E-6F745B8EF612}.Debug|Any CPU.ActiveCfg = Debug|Any CPU
		{2752500A-0CA0-4C4A-959E-6F745B8EF612}.Debug|Any CPU.Build.0 = Debug|Any CPU
		{2752500A-0CA0-4C4A-959E-6F745B8EF612}.Debug|x64.ActiveCfg = Debug|Any CPU
		{2752500A-0CA0-4C4A-959E-6F745B8EF612}.Debug|x64.Build.0 = Debug|Any CPU
		{2752500A-0CA0-4C4A-959E-6F745B8EF612}.Debug|x86.ActiveCfg = Debug|Any CPU
		{2752500A-0CA0-4C4A-959E-6F745B8EF612}.Debug|x86.Build.0 = Debug|Any CPU
		{2752500A-0CA0-4C4A-959E-6F745B8EF612}.Release|Any CPU.ActiveCfg = Release|Any CPU
		{2752500A-0CA0-4C4A-959E-6F745B8EF612}.Release|Any CPU.Build.0 = Release|Any CPU
		{2752500A-0CA0-4C4A-959E-6F745B8EF612}.Release|x64.ActiveCfg = Release|Any CPU
		{2752500A-0CA0-4C4A-959E-6F745B8EF612}.Release|x64.Build.0 = Release|Any CPU
		{2752500A-0CA0-4C4A-959E-6F745B8EF612}.Release|x86.ActiveCfg = Release|Any CPU
		{2752500A-0CA0-4C4A-959E-6F745B8EF612}.Release|x86.Build.0 = Release|Any CPU
	EndGlobalSection
EndGlobal
